<?xml version="1.0" encoding="UTF-8" standalone="yes" ?>
<CodeBlocks_project_file>
	<FileVersion major="1" minor="6" />
	<Project>
		<Option title="Minesweeper" />
		<Option pch_mode="2" />
		<Option compiler="gcc" />
		<Build>
			<Target title="Debug">
				<Option output="bin/Debug/Minesweeper" prefix_auto="1" extension_auto="1" />
				<Option object_output="obj/Debug/" />
				<Option type="1" />
				<Option compiler="gcc" />
				<Compiler>
					<Add option="-g" />
					<Add directory="../../Downloads/SDL2-devel-2.30.0-mingw/SDL2-2.30.0/x86_64-w64-mingw32/include/SDL2" />
					<Add directory="../../Downloads/SDL2_image-devel-2.8.2-mingw/SDL2_image-2.8.2/x86_64-w64-mingw32/include/SDL2" />
					<Add directory="../../Downloads/SDL2_ttf-devel-2.22.0-mingw/SDL2_ttf-2.22.0/x86_64-w64-mingw32/include/SDL2" />
					<Add directory="../../Downloads/SDL2_mixer-devel-2.8.0-mingw/SDL2_mixer-2.8.0/x86_64-w64-mingw32/include/SDL2" />
					<Add directory="Texture" />
					<Add directory="Buttons" />
					<Add directory="Timer" />
					<Add directory="Variables" />
					<Add directory="function" />
					<Add directory="constant" />
				</Compiler>
				<Linker>
					<Add option="-lmingw32 -lSDL2main -lSDL2" />
					<Add option="-lSDL2_image" />
					<Add option="-lSDL2_ttf" />
					<Add option="-lSDL2_mixer" />
					<Add directory="../../Downloads/SDL2-devel-2.30.0-mingw/SDL2-2.30.0/x86_64-w64-mingw32/lib" />
					<Add directory="../../Downloads/SDL2_image-devel-2.8.2-mingw/SDL2_image-2.8.2/x86_64-w64-mingw32/lib" />
					<Add directory="../../Downloads/SDL2_mixer-devel-2.8.0-mingw/SDL2_mixer-2.8.0/x86_64-w64-mingw32/lib" />
					<Add directory="../../Downloads/SDL2_ttf-devel-2.22.0-mingw/SDL2_ttf-2.22.0/x86_64-w64-mingw32/lib" />
				</Linker>
			</Target>
			<Target title="Release">
				<Option output="bin/Release/Minesweeper" prefix_auto="1" extension_auto="1" />
				<Option object_output="obj/Release/" />
				<Option type="1" />
				<Option compiler="gcc" />
				<Compiler>
					<Add option="-O2" />
					<Add directory="Texture" />
					<Add directory="Buttons" />
					<Add directory="Timer" />
					<Add directory="Variables" />
					<Add directory="function" />
					<Add directory="constant" />
				</Compiler>
				<Linker>
					<Add option="-s" />
				</Linker>
			</Target>
		</Build>
		<Compiler>
			<Add option="-Wall" />
		</Compiler>
		<Unit filename="Buttons/Buttons.cpp" />
		<Unit filename="Buttons/Buttons.h" />
		<Unit filename="Texture/Texture.cpp" />
		<Unit filename="Texture/Texture.h" />
		<Unit filename="Timer/Timer.cpp" />
		<Unit filename="Timer/Timer.h" />
		<Unit filename="Variables/Variables.cpp" />
		<Unit filename="Variables/Variables.h" />
		<Unit filename="constant/constant.h" />
		<Unit filename="function/function.cpp" />
		<Unit filename="function/function.h" />
		<Unit filename="main.cpp" />
		<Extensions>
			<lib_finder disable_auto="1" />
		</Extensions>
	</Project>
</CodeBlocks_project_file>
